<?xml version="1.0" encoding="UTF-8"?>
<CodeBlocks_project_file>
	<FileVersion major="1" minor="6"/>
	<Project>
		<Option title="YourProjectName"/>
		<Option makefile_is_custom="1"/>
		<Option compiler="gcc"/>
		<Option virtualFolders="CMake Files\;CMake Files\..\;CMake Files\..\..\;CMake Files\..\..\..\;CMake Files\..\..\..\..\;CMake Files\..\..\..\..\..\;CMake Files\..\..\..\..\..\..\;CMake Files\..\..\..\..\..\..\usr\;CMake Files\..\..\..\..\..\..\usr\local\;CMake Files\..\..\..\..\..\..\usr\local\lib\;CMake Files\..\..\..\..\..\..\usr\local\lib\cmake\;CMake Files\..\..\..\..\..\..\usr\local\lib\cmake\Ceres\;CMake Files\..\..\..\..\..\..\usr\lib\;CMake Files\..\..\..\..\..\..\usr\lib\cmake\;CMake Files\..\..\..\..\..\..\usr\lib\cmake\eigen3\;CMake Files\..\..\..\..\..\..\usr\lib\x86_64-linux-gnu\;CMake Files\..\..\..\..\..\..\usr\lib\x86_64-linux-gnu\cmake\;CMake Files\..\..\..\..\..\..\usr\lib\x86_64-linux-gnu\cmake\gflags\;"/>
		<Build>
			<Target title="all">
				<Option working_dir="/home/vtd/Documents/planning/piecewise_bezier_sdf/c++_version/build_release"/>
				<Option type="4"/>
				<MakeCommands>
					<Build command="/usr/bin/make -j8 -f &quot;/home/vtd/Documents/planning/piecewise_bezier_sdf/c++_version/build_release/Makefile&quot;  VERBOSE=1 all"/>
					<CompileFile command="/usr/bin/make -j8 -f &quot;/home/vtd/Documents/planning/piecewise_bezier_sdf/c++_version/build_release/Makefile&quot;  VERBOSE=1 &quot;$file&quot;"/>
					<Clean command="/usr/bin/make -j8 -f &quot;/home/vtd/Documents/planning/piecewise_bezier_sdf/c++_version/build_release/Makefile&quot;  VERBOSE=1 clean"/>
					<DistClean command="/usr/bin/make -j8 -f &quot;/home/vtd/Documents/planning/piecewise_bezier_sdf/c++_version/build_release/Makefile&quot;  VERBOSE=1 clean"/>
				</MakeCommands>
			</Target>
			<Target title="main">
				<Option output="/home/vtd/Documents/planning/piecewise_bezier_sdf/c++_version/build_release/main" prefix_auto="0" extension_auto="0"/>
				<Option working_dir="/home/vtd/Documents/planning/piecewise_bezier_sdf/c++_version/build_release"/>
				<Option object_output="./"/>
				<Option type="1"/>
				<Option compiler="gcc"/>
				<Compiler>
					<Add option="-DGFLAGS_IS_A_DLL=0"/>
					<Add directory="/home/vtd/Documents/planning/piecewise_bezier_sdf/c++_version/."/>
					<Add directory="/usr/local/include/*"/>
					<Add directory="/home/vtd/Documents/planning/piecewise_bezier_sdf/c++_version/src"/>
					<Add directory="/usr/include/eigen3"/>
					<Add directory="/usr/include/python3.8"/>
					<Add directory="/home/vtd/.local/lib/python3.8/site-packages/numpy/core/include"/>
					<Add directory="/usr/include/c++/9"/>
					<Add directory="/usr/include/x86_64-linux-gnu/c++/9"/>
					<Add directory="/usr/include/c++/9/backward"/>
					<Add directory="/usr/lib/gcc/x86_64-linux-gnu/9/include"/>
					<Add directory="/usr/local/include"/>
					<Add directory="/usr/include/x86_64-linux-gnu"/>
					<Add directory="/usr/include"/>
				</Compiler>
				<MakeCommands>
					<Build command="/usr/bin/make -j8 -f &quot;/home/vtd/Documents/planning/piecewise_bezier_sdf/c++_version/build_release/Makefile&quot;  VERBOSE=1 main"/>
					<CompileFile command="/usr/bin/make -j8 -f &quot;/home/vtd/Documents/planning/piecewise_bezier_sdf/c++_version/build_release/Makefile&quot;  VERBOSE=1 &quot;$file&quot;"/>
					<Clean command="/usr/bin/make -j8 -f &quot;/home/vtd/Documents/planning/piecewise_bezier_sdf/c++_version/build_release/Makefile&quot;  VERBOSE=1 clean"/>
					<DistClean command="/usr/bin/make -j8 -f &quot;/home/vtd/Documents/planning/piecewise_bezier_sdf/c++_version/build_release/Makefile&quot;  VERBOSE=1 clean"/>
				</MakeCommands>
			</Target>
			<Target title="main/fast">
				<Option output="/home/vtd/Documents/planning/piecewise_bezier_sdf/c++_version/build_release/main" prefix_auto="0" extension_auto="0"/>
				<Option working_dir="/home/vtd/Documents/planning/piecewise_bezier_sdf/c++_version/build_release"/>
				<Option object_output="./"/>
				<Option type="1"/>
				<Option compiler="gcc"/>
				<Compiler>
					<Add option="-DGFLAGS_IS_A_DLL=0"/>
					<Add directory="/home/vtd/Documents/planning/piecewise_bezier_sdf/c++_version/."/>
					<Add directory="/usr/local/include/*"/>
					<Add directory="/home/vtd/Documents/planning/piecewise_bezier_sdf/c++_version/src"/>
					<Add directory="/usr/include/eigen3"/>
					<Add directory="/usr/include/python3.8"/>
					<Add directory="/home/vtd/.local/lib/python3.8/site-packages/numpy/core/include"/>
					<Add directory="/usr/include/c++/9"/>
					<Add directory="/usr/include/x86_64-linux-gnu/c++/9"/>
					<Add directory="/usr/include/c++/9/backward"/>
					<Add directory="/usr/lib/gcc/x86_64-linux-gnu/9/include"/>
					<Add directory="/usr/local/include"/>
					<Add directory="/usr/include/x86_64-linux-gnu"/>
					<Add directory="/usr/include"/>
				</Compiler>
				<MakeCommands>
					<Build command="/usr/bin/make -j8 -f &quot;/home/vtd/Documents/planning/piecewise_bezier_sdf/c++_version/build_release/Makefile&quot;  VERBOSE=1 main/fast"/>
					<CompileFile command="/usr/bin/make -j8 -f &quot;/home/vtd/Documents/planning/piecewise_bezier_sdf/c++_version/build_release/Makefile&quot;  VERBOSE=1 &quot;$file&quot;"/>
					<Clean command="/usr/bin/make -j8 -f &quot;/home/vtd/Documents/planning/piecewise_bezier_sdf/c++_version/build_release/Makefile&quot;  VERBOSE=1 clean"/>
					<DistClean command="/usr/bin/make -j8 -f &quot;/home/vtd/Documents/planning/piecewise_bezier_sdf/c++_version/build_release/Makefile&quot;  VERBOSE=1 clean"/>
				</MakeCommands>
			</Target>
			<Target title="edit_cache">
				<Option working_dir="/home/vtd/Documents/planning/piecewise_bezier_sdf/c++_version/build_release"/>
				<Option type="4"/>
				<MakeCommands>
					<Build command="/usr/bin/make -j8 -f &quot;/home/vtd/Documents/planning/piecewise_bezier_sdf/c++_version/build_release/Makefile&quot;  VERBOSE=1 edit_cache"/>
					<CompileFile command="/usr/bin/make -j8 -f &quot;/home/vtd/Documents/planning/piecewise_bezier_sdf/c++_version/build_release/Makefile&quot;  VERBOSE=1 &quot;$file&quot;"/>
					<Clean command="/usr/bin/make -j8 -f &quot;/home/vtd/Documents/planning/piecewise_bezier_sdf/c++_version/build_release/Makefile&quot;  VERBOSE=1 clean"/>
					<DistClean command="/usr/bin/make -j8 -f &quot;/home/vtd/Documents/planning/piecewise_bezier_sdf/c++_version/build_release/Makefile&quot;  VERBOSE=1 clean"/>
				</MakeCommands>
			</Target>
			<Target title="rebuild_cache">
				<Option working_dir="/home/vtd/Documents/planning/piecewise_bezier_sdf/c++_version/build_release"/>
				<Option type="4"/>
				<MakeCommands>
					<Build command="/usr/bin/make -j8 -f &quot;/home/vtd/Documents/planning/piecewise_bezier_sdf/c++_version/build_release/Makefile&quot;  VERBOSE=1 rebuild_cache"/>
					<CompileFile command="/usr/bin/make -j8 -f &quot;/home/vtd/Documents/planning/piecewise_bezier_sdf/c++_version/build_release/Makefile&quot;  VERBOSE=1 &quot;$file&quot;"/>
					<Clean command="/usr/bin/make -j8 -f &quot;/home/vtd/Documents/planning/piecewise_bezier_sdf/c++_version/build_release/Makefile&quot;  VERBOSE=1 clean"/>
					<DistClean command="/usr/bin/make -j8 -f &quot;/home/vtd/Documents/planning/piecewise_bezier_sdf/c++_version/build_release/Makefile&quot;  VERBOSE=1 clean"/>
				</MakeCommands>
			</Target>
			<Target title="list_install_components">
				<Option working_dir="/home/vtd/Documents/planning/piecewise_bezier_sdf/c++_version/build_release"/>
				<Option type="4"/>
				<MakeCommands>
					<Build command="/usr/bin/make -j8 -f &quot;/home/vtd/Documents/planning/piecewise_bezier_sdf/c++_version/build_release/Makefile&quot;  VERBOSE=1 list_install_components"/>
					<CompileFile command="/usr/bin/make -j8 -f &quot;/home/vtd/Documents/planning/piecewise_bezier_sdf/c++_version/build_release/Makefile&quot;  VERBOSE=1 &quot;$file&quot;"/>
					<Clean command="/usr/bin/make -j8 -f &quot;/home/vtd/Documents/planning/piecewise_bezier_sdf/c++_version/build_release/Makefile&quot;  VERBOSE=1 clean"/>
					<DistClean command="/usr/bin/make -j8 -f &quot;/home/vtd/Documents/planning/piecewise_bezier_sdf/c++_version/build_release/Makefile&quot;  VERBOSE=1 clean"/>
				</MakeCommands>
			</Target>
			<Target title="install">
				<Option working_dir="/home/vtd/Documents/planning/piecewise_bezier_sdf/c++_version/build_release"/>
				<Option type="4"/>
				<MakeCommands>
					<Build command="/usr/bin/make -j8 -f &quot;/home/vtd/Documents/planning/piecewise_bezier_sdf/c++_version/build_release/Makefile&quot;  VERBOSE=1 install"/>
					<CompileFile command="/usr/bin/make -j8 -f &quot;/home/vtd/Documents/planning/piecewise_bezier_sdf/c++_version/build_release/Makefile&quot;  VERBOSE=1 &quot;$file&quot;"/>
					<Clean command="/usr/bin/make -j8 -f &quot;/home/vtd/Documents/planning/piecewise_bezier_sdf/c++_version/build_release/Makefile&quot;  VERBOSE=1 clean"/>
					<DistClean command="/usr/bin/make -j8 -f &quot;/home/vtd/Documents/planning/piecewise_bezier_sdf/c++_version/build_release/Makefile&quot;  VERBOSE=1 clean"/>
				</MakeCommands>
			</Target>
			<Target title="install/local">
				<Option working_dir="/home/vtd/Documents/planning/piecewise_bezier_sdf/c++_version/build_release"/>
				<Option type="4"/>
				<MakeCommands>
					<Build command="/usr/bin/make -j8 -f &quot;/home/vtd/Documents/planning/piecewise_bezier_sdf/c++_version/build_release/Makefile&quot;  VERBOSE=1 install/local"/>
					<CompileFile command="/usr/bin/make -j8 -f &quot;/home/vtd/Documents/planning/piecewise_bezier_sdf/c++_version/build_release/Makefile&quot;  VERBOSE=1 &quot;$file&quot;"/>
					<Clean command="/usr/bin/make -j8 -f &quot;/home/vtd/Documents/planning/piecewise_bezier_sdf/c++_version/build_release/Makefile&quot;  VERBOSE=1 clean"/>
					<DistClean command="/usr/bin/make -j8 -f &quot;/home/vtd/Documents/planning/piecewise_bezier_sdf/c++_version/build_release/Makefile&quot;  VERBOSE=1 clean"/>
				</MakeCommands>
			</Target>
			<Target title="install/strip">
				<Option working_dir="/home/vtd/Documents/planning/piecewise_bezier_sdf/c++_version/build_release"/>
				<Option type="4"/>
				<MakeCommands>
					<Build command="/usr/bin/make -j8 -f &quot;/home/vtd/Documents/planning/piecewise_bezier_sdf/c++_version/build_release/Makefile&quot;  VERBOSE=1 install/strip"/>
					<CompileFile command="/usr/bin/make -j8 -f &quot;/home/vtd/Documents/planning/piecewise_bezier_sdf/c++_version/build_release/Makefile&quot;  VERBOSE=1 &quot;$file&quot;"/>
					<Clean command="/usr/bin/make -j8 -f &quot;/home/vtd/Documents/planning/piecewise_bezier_sdf/c++_version/build_release/Makefile&quot;  VERBOSE=1 clean"/>
					<DistClean command="/usr/bin/make -j8 -f &quot;/home/vtd/Documents/planning/piecewise_bezier_sdf/c++_version/build_release/Makefile&quot;  VERBOSE=1 clean"/>
				</MakeCommands>
			</Target>
		</Build>
		<Unit filename="/home/vtd/Documents/planning/piecewise_bezier_sdf/c++_version/bezier_to_poly.cpp">
			<Option target="main"/>
		</Unit>
		<Unit filename="/home/vtd/Documents/planning/piecewise_bezier_sdf/c++_version/bezier_to_poly.h">
			<Option target="main"/>
		</Unit>
		<Unit filename="/home/vtd/Documents/planning/piecewise_bezier_sdf/c++_version/implicit_curve.cpp">
			<Option target="main"/>
		</Unit>
		<Unit filename="/home/vtd/Documents/planning/piecewise_bezier_sdf/c++_version/implicit_curve.h">
			<Option target="main"/>
		</Unit>
		<Unit filename="/home/vtd/Documents/planning/piecewise_bezier_sdf/c++_version/main.cpp">
			<Option target="main"/>
		</Unit>
		<Unit filename="/home/vtd/Documents/planning/piecewise_bezier_sdf/c++_version/piecewise_bezier_curve2.cpp">
			<Option target="main"/>
		</Unit>
		<Unit filename="/home/vtd/Documents/planning/piecewise_bezier_sdf/c++_version/piecewise_bezier_curve2.h">
			<Option target="main"/>
		</Unit>
		<Unit filename="/home/vtd/Documents/planning/piecewise_bezier_sdf/c++_version/r_function.cpp">
			<Option target="main"/>
		</Unit>
		<Unit filename="/home/vtd/Documents/planning/piecewise_bezier_sdf/c++_version/r_function.h">
			<Option target="main"/>
		</Unit>
		<Unit filename="/home/vtd/Documents/planning/piecewise_bezier_sdf/c++_version/CMakeLists.txt">
			<Option virtualFolder="CMake Files\"/>
		</Unit>
		<Unit filename="/home/vtd/Documents/planning/piecewise_bezier_sdf/c++_version/../../../../../../usr/local/lib/cmake/Ceres/CeresConfig.cmake">
			<Option virtualFolder="CMake Files\..\..\..\..\..\..\usr\local\lib\cmake\Ceres\"/>
		</Unit>
		<Unit filename="/home/vtd/Documents/planning/piecewise_bezier_sdf/c++_version/../../../../../../usr/local/lib/cmake/Ceres/CeresConfigVersion.cmake">
			<Option virtualFolder="CMake Files\..\..\..\..\..\..\usr\local\lib\cmake\Ceres\"/>
		</Unit>
		<Unit filename="/home/vtd/Documents/planning/piecewise_bezier_sdf/c++_version/../../../../../../usr/local/lib/cmake/Ceres/CeresTargets-release.cmake">
			<Option virtualFolder="CMake Files\..\..\..\..\..\..\usr\local\lib\cmake\Ceres\"/>
		</Unit>
		<Unit filename="/home/vtd/Documents/planning/piecewise_bezier_sdf/c++_version/../../../../../../usr/local/lib/cmake/Ceres/CeresTargets.cmake">
			<Option virtualFolder="CMake Files\..\..\..\..\..\..\usr\local\lib\cmake\Ceres\"/>
		</Unit>
		<Unit filename="/home/vtd/Documents/planning/piecewise_bezier_sdf/c++_version/../../../../../../usr/local/lib/cmake/Ceres/FindGlog.cmake">
			<Option virtualFolder="CMake Files\..\..\..\..\..\..\usr\local\lib\cmake\Ceres\"/>
		</Unit>
		<Unit filename="/home/vtd/Documents/planning/piecewise_bezier_sdf/c++_version/../../../../../../usr/lib/cmake/eigen3/Eigen3Config.cmake">
			<Option virtualFolder="CMake Files\..\..\..\..\..\..\usr\lib\cmake\eigen3\"/>
		</Unit>
		<Unit filename="/home/vtd/Documents/planning/piecewise_bezier_sdf/c++_version/../../../../../../usr/lib/cmake/eigen3/Eigen3ConfigVersion.cmake">
			<Option virtualFolder="CMake Files\..\..\..\..\..\..\usr\lib\cmake\eigen3\"/>
		</Unit>
		<Unit filename="/home/vtd/Documents/planning/piecewise_bezier_sdf/c++_version/../../../../../../usr/lib/cmake/eigen3/Eigen3Targets.cmake">
			<Option virtualFolder="CMake Files\..\..\..\..\..\..\usr\lib\cmake\eigen3\"/>
		</Unit>
		<Unit filename="/home/vtd/Documents/planning/piecewise_bezier_sdf/c++_version/../../../../../../usr/lib/x86_64-linux-gnu/cmake/gflags/gflags-config-version.cmake">
			<Option virtualFolder="CMake Files\..\..\..\..\..\..\usr\lib\x86_64-linux-gnu\cmake\gflags\"/>
		</Unit>
		<Unit filename="/home/vtd/Documents/planning/piecewise_bezier_sdf/c++_version/../../../../../../usr/lib/x86_64-linux-gnu/cmake/gflags/gflags-config.cmake">
			<Option virtualFolder="CMake Files\..\..\..\..\..\..\usr\lib\x86_64-linux-gnu\cmake\gflags\"/>
		</Unit>
		<Unit filename="/home/vtd/Documents/planning/piecewise_bezier_sdf/c++_version/../../../../../../usr/lib/x86_64-linux-gnu/cmake/gflags/gflags-nonamespace-targets-release.cmake">
			<Option virtualFolder="CMake Files\..\..\..\..\..\..\usr\lib\x86_64-linux-gnu\cmake\gflags\"/>
		</Unit>
		<Unit filename="/home/vtd/Documents/planning/piecewise_bezier_sdf/c++_version/../../../../../../usr/lib/x86_64-linux-gnu/cmake/gflags/gflags-nonamespace-targets.cmake">
			<Option virtualFolder="CMake Files\..\..\..\..\..\..\usr\lib\x86_64-linux-gnu\cmake\gflags\"/>
		</Unit>
	</Project>
</CodeBlocks_project_file>
